
Microsoft Visual Studio Solution File, Format Version 12.00
# Visual Studio Version 17
VisualStudioVersion = 17.11.35327.3
MinimumVisualStudioVersion = 10.0.40219.1
Project("{FAE04EC0-301F-11D3-BF4B-00C04F79EFBC}") = "ExpenseBudget", "ExpenseBudget\ExpenseBudget.csproj", "{AC002EB0-4169-4B05-B726-B614695FAC51}"
EndProject
Project("{FAE04EC0-301F-11D3-BF4B-00C04F79EFBC}") = "IncomeMicroservice", "Income\IncomeMicroservice.csproj", "{78A5F755-5288-4609-81FA-AEC950651BEB}"
EndProject
Project("{FAE04EC0-301F-11D3-BF4B-00C04F79EFBC}") = "gateway", "gateway\gateway.csproj", "{8DB3C4AD-AB93-4F62-8751-797C694C3E6D}"
EndProject
Global
	GlobalSection(SolutionConfigurationPlatforms) = preSolution
		Debug|Any CPU = Debug|Any CPU
		Release|Any CPU = Release|Any CPU
	EndGlobalSection
	GlobalSection(ProjectConfigurationPlatforms) = postSolution
		{AC002EB0-4169-4B05-B726-B614695FAC51}.Debug|Any CPU.ActiveCfg = Debug|Any CPU
		{AC002EB0-4169-4B05-B726-B614695FAC51}.Debug|Any CPU.Build.0 = Debug|Any CPU
		{AC002EB0-4169-4B05-B726-B614695FAC51}.Release|Any CPU.ActiveCfg = Release|Any CPU
		{AC002EB0-4169-4B05-B726-B614695FAC51}.Release|Any CPU.Build.0 = Release|Any CPU
		{78A5F755-5288-4609-81FA-AEC950651BEB}.Debug|Any CPU.ActiveCfg = Debug|Any CPU
		{78A5F755-5288-4609-81FA-AEC950651BEB}.Debug|Any CPU.Build.0 = Debug|Any CPU
		{78A5F755-5288-4609-81FA-AEC950651BEB}.Release|Any CPU.ActiveCfg = Release|Any CPU
		{78A5F755-5288-4609-81FA-AEC950651BEB}.Release|Any CPU.Build.0 = Release|Any CPU
		{8DB3C4AD-AB93-4F62-8751-797C694C3E6D}.Debug|Any CPU.ActiveCfg = Debug|Any CPU
		{8DB3C4AD-AB93-4F62-8751-797C694C3E6D}.Debug|Any CPU.Build.0 = Debug|Any CPU
		{8DB3C4AD-AB93-4F62-8751-797C694C3E6D}.Release|Any CPU.ActiveCfg = Release|Any CPU
		{8DB3C4AD-AB93-4F62-8751-797C694C3E6D}.Release|Any CPU.Build.0 = Release|Any CPU
	EndGlobalSection
	GlobalSection(SolutionProperties) = preSolution
		HideSolutionNode = FALSE
	EndGlobalSection
	GlobalSection(ExtensibilityGlobals) = postSolution
		SolutionGuid = {5B00619E-7A28-4203-82BC-41E14DB38EF2}
	EndGlobalSection
EndGlobal
